
Microsoft Visual Studio Solution File, Format Version 12.00
# Visual Studio Version 16
VisualStudioVersion = 16.0.31205.134
MinimumVisualStudioVersion = 10.0.40219.1
Project("{9A19103F-16F7-4668-BE54-9A1E7A4F7556}") = "HelloWorld", "HelloWorld.csproj", "{6CC650EA-D126-4386-AB87-55E5153B7685}"
EndProject
Global
	GlobalSection(SolutionConfigurationPlatforms) = preSolution
		Debug|Any CPU = Debug|Any CPU
		Release|Any CPU = Release|Any CPU
	EndGlobalSection
	GlobalSection(ProjectConfigurationPlatforms) = postSolution
		{6CC650EA-D126-4386-AB87-55E5153B7685}.Debug|Any CPU.ActiveCfg = Debug|Any CPU
		{6CC650EA-D126-4386-AB87-55E5153B7685}.Debug|Any CPU.Build.0 = Debug|Any CPU
		{6CC650EA-D126-4386-AB87-55E5153B7685}.Release|Any CPU.ActiveCfg = Release|Any CPU
		{6CC650EA-D126-4386-AB87-55E5153B7685}.Release|Any CPU.Build.0 = Release|Any CPU
	EndGlobalSection
	GlobalSection(SolutionProperties) = preSolution
		HideSolutionNode = FALSE
	EndGlobalSection
	GlobalSection(ExtensibilityGlobals) = postSolution
		SolutionGuid = {11EE8AA7-8550-4FEA-B9A5-D628E13797EA}
	EndGlobalSection
EndGlobal
