
Microsoft Visual Studio Solution File, Format Version 12.00
# Visual Studio Version 16
VisualStudioVersion = 16.0.31205.134
MinimumVisualStudioVersion = 10.0.40219.1
Project("{9A19103F-16F7-4668-BE54-9A1E7A4F7556}") = "TwoFer", "TwoFer.csproj", "{9E1370FF-7099-47E9-9DE4-6CCB3604F37E}"
EndProject
Global
	GlobalSection(SolutionConfigurationPlatforms) = preSolution
		Debug|Any CPU = Debug|Any CPU
		Release|Any CPU = Release|Any CPU
	EndGlobalSection
	GlobalSection(ProjectConfigurationPlatforms) = postSolution
		{9E1370FF-7099-47E9-9DE4-6CCB3604F37E}.Debug|Any CPU.ActiveCfg = Debug|Any CPU
		{9E1370FF-7099-47E9-9DE4-6CCB3604F37E}.Debug|Any CPU.Build.0 = Debug|Any CPU
		{9E1370FF-7099-47E9-9DE4-6CCB3604F37E}.Release|Any CPU.ActiveCfg = Release|Any CPU
		{9E1370FF-7099-47E9-9DE4-6CCB3604F37E}.Release|Any CPU.Build.0 = Release|Any CPU
	EndGlobalSection
	GlobalSection(SolutionProperties) = preSolution
		HideSolutionNode = FALSE
	EndGlobalSection
	GlobalSection(ExtensibilityGlobals) = postSolution
		SolutionGuid = {342AD81B-4F64-4A1D-B976-6C927FBEF0B4}
	EndGlobalSection
EndGlobal
